{
	"name": "riedel-medianetwork",
	"version": "1.0.0",
	"lockfileVersion": 1,
	"requires": true,
	"dependencies": {
		"@types/node": {
			"version": "7.10.6",
			"resolved": "https://registry.npmjs.org/@types/node/-/node-7.10.6.tgz",
			"integrity": "sha512-d0BOAicT0tEdbdVQlLGOVul1kvg6YvbaADRCThGCz5NJ0e9r00SofcR1x69hmlCyrHuB6jd4cKzL9bMLjPnpAA=="
		},
		"asn1": {
			"version": "0.2.4",
			"resolved": "https://registry.npmjs.org/asn1/-/asn1-0.2.4.tgz",
			"integrity": "sha512-jxwzQpLQjSmWXgwaCZE9Nz+glAG01yF1QnWgbhGwHI5A6FRIEY6IVqtHhIepHqI7/kyEyQEagBC5mBEFlIYvdg==",
			"requires": {
				"safer-buffer": "~2.1.0"
			}
		},
		"async": {
			"version": "1.0.0",
			"resolved": "https://registry.npmjs.org/async/-/async-1.0.0.tgz",
			"integrity": "sha1-+PwEyjoTeErenhZBr5hXjPvWR6k="
		},
		"bluebird": {
			"version": "3.5.5",
			"resolved": "https://registry.npmjs.org/bluebird/-/bluebird-3.5.5.tgz",
			"integrity": "sha512-5am6HnnfN+urzt4yfg7IgTbotDjIT/u8AJpEt0sIU9FtXfVeezXAPKswrG+xKUCOYAINpSdgZVDU6QFh+cuH3w=="
		},
		"colors": {
			"version": "1.0.3",
			"resolved": "https://registry.npmjs.org/colors/-/colors-1.0.3.tgz",
			"integrity": "sha1-BDP0TYCWgP3rYO0mDxsMJi6CpAs="
		},
		"cycle": {
			"version": "1.0.3",
			"resolved": "https://registry.npmjs.org/cycle/-/cycle-1.0.3.tgz",
			"integrity": "sha1-IegLK+hYD5i0aPN5QwZisEbDStI="
		},
		"emberplus": {
			"version": "1.0.0",
			"resolved": "https://registry.npmjs.org/emberplus/-/emberplus-1.0.0.tgz",
			"integrity": "sha1-jYrbV5vISQ2L1Mm3Nfy4rI3fXl8=",
			"requires": {
				"asn1": "^0.2.3",
				"bluebird": "^3.5.0",
				"enum": "^2.4.0",
				"long": "^3.2.0",
				"smart-buffer": "^3.0.3",
				"winston-color": "^1.0.0"
			}
		},
		"enum": {
			"version": "2.5.0",
			"resolved": "https://registry.npmjs.org/enum/-/enum-2.5.0.tgz",
			"integrity": "sha1-8gW4xlozWorOgIEQXflxsYVouYQ=",
			"requires": {
				"is-buffer": "^1.1.0"
			}
		},
		"eyes": {
			"version": "0.1.8",
			"resolved": "https://registry.npmjs.org/eyes/-/eyes-0.1.8.tgz",
			"integrity": "sha1-Ys8SAjTGg3hdkCNIqADvPgzCC8A="
		},
		"is-buffer": {
			"version": "1.1.6",
			"resolved": "https://registry.npmjs.org/is-buffer/-/is-buffer-1.1.6.tgz",
			"integrity": "sha512-NcdALwpXkTm5Zvvbk7owOUSvVvBKDgKP5/ewfXEznmQFfs4ZRmanOeKBTjRVjka3QFoN6XJ+9F3USqfHqTaU5w=="
		},
		"isstream": {
			"version": "0.1.2",
			"resolved": "https://registry.npmjs.org/isstream/-/isstream-0.1.2.tgz",
			"integrity": "sha1-R+Y/evVa+m+S4VAOaQ64uFKcCZo="
		},
		"long": {
			"version": "3.2.0",
			"resolved": "https://registry.npmjs.org/long/-/long-3.2.0.tgz",
			"integrity": "sha1-2CG3E4yhy1gcFymQ7xTbIAtcR0s="
		},
		"safer-buffer": {
			"version": "2.1.2",
			"resolved": "https://registry.npmjs.org/safer-buffer/-/safer-buffer-2.1.2.tgz",
			"integrity": "sha512-YZo3K82SD7Riyi0E1EQPojLz7kpepnSQI9IyPbHHg1XXXevb5dJI7tpyN2ADxGcQbHG7vcyRHk0cbwqcQriUtg=="
		},
		"smart-buffer": {
			"version": "3.0.3",
			"resolved": "https://registry.npmjs.org/smart-buffer/-/smart-buffer-3.0.3.tgz",
			"integrity": "sha1-dtSr+GPWqpHVyf1pTNUbJCeC5Z8=",
			"requires": {
				"@types/node": "^7.0.4"
			}
		},
		"stack-trace": {
			"version": "0.0.10",
			"resolved": "https://registry.npmjs.org/stack-trace/-/stack-trace-0.0.10.tgz",
			"integrity": "sha1-VHxws0fo0ytOEI6hoqFZ5f3eGcA="
		},
		"winston": {
			"version": "2.4.4",
			"resolved": "https://registry.npmjs.org/winston/-/winston-2.4.4.tgz",
			"integrity": "sha512-NBo2Pepn4hK4V01UfcWcDlmiVTs7VTB1h7bgnB0rgP146bYhMxX0ypCz3lBOfNxCO4Zuek7yeT+y/zM1OfMw4Q==",
			"requires": {
				"async": "~1.0.0",
				"colors": "1.0.x",
				"cycle": "1.0.x",
				"eyes": "0.1.x",
				"isstream": "0.1.x",
				"stack-trace": "0.0.x"
			}
		},
		"winston-color": {
			"version": "1.0.0",
			"resolved": "https://registry.npmjs.org/winston-color/-/winston-color-1.0.0.tgz",
			"integrity": "sha1-fc8o/e0BZYUkfyqtwQzoqvvh+sY=",
			"requires": {
				"winston": "^2.1.1"
			}
		}
	}
}
